
Microsoft Visual Studio Solution File, Format Version 12.00
# Visual Studio 15
VisualStudioVersion = 15.0.27130.2036
MinimumVisualStudioVersion = 10.0.40219.1
Project("{2150E333-8FDC-42A3-9474-1A3956D46DE8}") = "Solution Items", "Solution Items", "{D80293EA-F2D6-4D57-92C3-C3F6FCA0B8EA}"
	ProjectSection(SolutionItems) = preProject
		README.rd = README.rd
	EndProjectSection
EndProject
Global
	GlobalSection(SolutionProperties) = preSolution
		HideSolutionNode = FALSE
	EndGlobalSection
	GlobalSection(ExtensibilityGlobals) = postSolution
		SolutionGuid = {47ECBFE5-4658-408D-A6A5-C3F0E52622B7}
	EndGlobalSection
EndGlobal
